
Microsoft Visual Studio Solution File, Format Version 12.00
# Visual Studio Version 17
VisualStudioVersion = 17.1.32328.378
MinimumVisualStudioVersion = 10.0.40219.1
Project("{9A19103F-16F7-4668-BE54-9A1E7A4F7556}") = "ThreadTest_DisposableBag", "ThreadTest_DisposableBag.csproj", "{B91A3C16-1AD1-40C4-BDE7-5F5D5012A41E}"
EndProject
Global
	GlobalSection(SolutionConfigurationPlatforms) = preSolution
		Debug|Any CPU = Debug|Any CPU
		Release|Any CPU = Release|Any CPU
	EndGlobalSection
	GlobalSection(ProjectConfigurationPlatforms) = postSolution
		{B91A3C16-1AD1-40C4-BDE7-5F5D5012A41E}.Debug|Any CPU.ActiveCfg = Debug|Any CPU
		{B91A3C16-1AD1-40C4-BDE7-5F5D5012A41E}.Debug|Any CPU.Build.0 = Debug|Any CPU
		{B91A3C16-1AD1-40C4-BDE7-5F5D5012A41E}.Release|Any CPU.ActiveCfg = Release|Any CPU
		{B91A3C16-1AD1-40C4-BDE7-5F5D5012A41E}.Release|Any CPU.Build.0 = Release|Any CPU
	EndGlobalSection
	GlobalSection(SolutionProperties) = preSolution
		HideSolutionNode = FALSE
	EndGlobalSection
	GlobalSection(ExtensibilityGlobals) = postSolution
		SolutionGuid = {B77B01C6-70DB-4ACE-A53B-857778037313}
	EndGlobalSection
EndGlobal
