
Microsoft Visual Studio Solution File, Format Version 12.00
# Visual Studio Version 17
VisualStudioVersion = 17.1.32328.378
MinimumVisualStudioVersion = 10.0.40219.1
Project("{FAE04EC0-301F-11D3-BF4B-00C04F79EFBC}") = "ThreadSafeTest_RequsetResponse", "ThreadSafeTest_RequsetResponse.csproj", "{6DE1048E-79A5-4E0B-AC41-C1E65D81B936}"
EndProject
Global
	GlobalSection(SolutionConfigurationPlatforms) = preSolution
		Debug|Any CPU = Debug|Any CPU
		Release|Any CPU = Release|Any CPU
	EndGlobalSection
	GlobalSection(ProjectConfigurationPlatforms) = postSolution
		{6DE1048E-79A5-4E0B-AC41-C1E65D81B936}.Debug|Any CPU.ActiveCfg = Debug|Any CPU
		{6DE1048E-79A5-4E0B-AC41-C1E65D81B936}.Debug|Any CPU.Build.0 = Debug|Any CPU
		{6DE1048E-79A5-4E0B-AC41-C1E65D81B936}.Release|Any CPU.ActiveCfg = Release|Any CPU
		{6DE1048E-79A5-4E0B-AC41-C1E65D81B936}.Release|Any CPU.Build.0 = Release|Any CPU
	EndGlobalSection
	GlobalSection(SolutionProperties) = preSolution
		HideSolutionNode = FALSE
	EndGlobalSection
	GlobalSection(ExtensibilityGlobals) = postSolution
		SolutionGuid = {54D3F97C-B80B-4ECF-8660-CC568F8E2172}
	EndGlobalSection
EndGlobal
