
Microsoft Visual Studio Solution File, Format Version 12.00
# Visual Studio Version 17
VisualStudioVersion = 17.1.32328.378
MinimumVisualStudioVersion = 10.0.40219.1
Project("{9A19103F-16F7-4668-BE54-9A1E7A4F7556}") = "InterProcess", "InterProcess_Server\InterProcess.csproj", "{FF715DBD-5A0C-43FC-A8CB-6328C8643016}"
EndProject
Global
	GlobalSection(SolutionConfigurationPlatforms) = preSolution
		Debug|Any CPU = Debug|Any CPU
		Release|Any CPU = Release|Any CPU
	EndGlobalSection
	GlobalSection(ProjectConfigurationPlatforms) = postSolution
		{FF715DBD-5A0C-43FC-A8CB-6328C8643016}.Debug|Any CPU.ActiveCfg = Debug|Any CPU
		{FF715DBD-5A0C-43FC-A8CB-6328C8643016}.Debug|Any CPU.Build.0 = Debug|Any CPU
		{FF715DBD-5A0C-43FC-A8CB-6328C8643016}.Release|Any CPU.ActiveCfg = Release|Any CPU
		{FF715DBD-5A0C-43FC-A8CB-6328C8643016}.Release|Any CPU.Build.0 = Release|Any CPU
	EndGlobalSection
	GlobalSection(SolutionProperties) = preSolution
		HideSolutionNode = FALSE
	EndGlobalSection
	GlobalSection(ExtensibilityGlobals) = postSolution
		SolutionGuid = {EEA28DE9-8F25-4E30-98A6-12FF0D9C3CDC}
	EndGlobalSection
EndGlobal
