
Microsoft Visual Studio Solution File, Format Version 12.00
# Visual Studio Version 17
VisualStudioVersion = 17.1.32328.378
MinimumVisualStudioVersion = 10.0.40219.1
Project("{FAE04EC0-301F-11D3-BF4B-00C04F79EFBC}") = "KeyedPubSub", "KeyedPubSub.csproj", "{0B0DAC39-9A92-4E8D-80B4-FBE3C704D582}"
EndProject
Global
	GlobalSection(SolutionConfigurationPlatforms) = preSolution
		Debug|Any CPU = Debug|Any CPU
		Release|Any CPU = Release|Any CPU
	EndGlobalSection
	GlobalSection(ProjectConfigurationPlatforms) = postSolution
		{0B0DAC39-9A92-4E8D-80B4-FBE3C704D582}.Debug|Any CPU.ActiveCfg = Debug|Any CPU
		{0B0DAC39-9A92-4E8D-80B4-FBE3C704D582}.Debug|Any CPU.Build.0 = Debug|Any CPU
		{0B0DAC39-9A92-4E8D-80B4-FBE3C704D582}.Release|Any CPU.ActiveCfg = Release|Any CPU
		{0B0DAC39-9A92-4E8D-80B4-FBE3C704D582}.Release|Any CPU.Build.0 = Release|Any CPU
	EndGlobalSection
	GlobalSection(SolutionProperties) = preSolution
		HideSolutionNode = FALSE
	EndGlobalSection
	GlobalSection(ExtensibilityGlobals) = postSolution
		SolutionGuid = {6A7FF09D-A709-4331-8109-B8938F8501BD}
	EndGlobalSection
EndGlobal
